<Solution>
  <Folder Name="/src/">
    <Project Path="src/Charta/Charta.csproj" />
  </Folder>
  <Folder Name="/tests/">
    <Project Path="tests/Charta.Smoke/Charta.Smoke.csproj" />
    <Project Path="tests/Charta.Tests/Charta.Tests.csproj" />
  </Folder>
  <Folder Name="/tools/">
    <Project Path="tools/Charta.CodeGen/Charta.CodeGen.csproj" />
  </Folder>
</Solution>
